// !$*UTF8*$!
{
	archiveVersion = 1;
	classes = {
	};
	objectVersion = 56;
	objects = {

/* Begin PBXBuildFile section */
		1A89CA4F2967BF5200F369C9 /* AppDelegate.swift in Sources */ = {isa = PBXBuildFile; fileRef = 1A89CA4E2967BF5200F369C9 /* AppDelegate.swift */; };
		1A89CA512967BF5200F369C9 /* SceneDelegate.swift in Sources */ = {isa = PBXBuildFile; fileRef = 1A89CA502967BF5200F369C9 /* SceneDelegate.swift */; };
		1A89CA592967BF5200F369C9 /* WallPaper_Project1.xcdatamodeld in Sources */ = {isa = PBXBuildFile; fileRef = 1A89CA572967BF5200F369C9 /* WallPaper_Project1.xcdatamodeld */; };
		1A89CA5B2967BF5300F369C9 /* Assets.xcassets in Resources */ = {isa = PBXBuildFile; fileRef = 1A89CA5A2967BF5300F369C9 /* Assets.xcassets */; };
		1A89CA6D2967D69F00F369C9 /* ViewController.swift in Sources */ = {isa = PBXBuildFile; fileRef = 1A89CA6C2967D69F00F369C9 /* ViewController.swift */; };
		1A89CA832967F1CA00F369C9 /* ImageModel.swift in Sources */ = {isa = PBXBuildFile; fileRef = 1A89CA822967F1CA00F369C9 /* ImageModel.swift */; };
		1A89CA852967F1D900F369C9 /* VideoModel.swift in Sources */ = {isa = PBXBuildFile; fileRef = 1A89CA842967F1D900F369C9 /* VideoModel.swift */; };
		1A89CAAB2968133000F369C9 /* ImageViewController.swift in Sources */ = {isa = PBXBuildFile; fileRef = 1A89CAA92968133000F369C9 /* ImageViewController.swift */; };
		1A89CAAC2968133000F369C9 /* ImageViewController.xib in Resources */ = {isa = PBXBuildFile; fileRef = 1A89CAAA2968133000F369C9 /* ImageViewController.xib */; };
		1A89CAB12968137800F369C9 /* Launch Screen.storyboard in Resources */ = {isa = PBXBuildFile; fileRef = 1A89CAB02968137800F369C9 /* Launch Screen.storyboard */; };
		1A8C4A2729681F4C00063D38 /* Main.storyboard in Resources */ = {isa = PBXBuildFile; fileRef = 1A8C4A2629681F4C00063D38 /* Main.storyboard */; };
/* End PBXBuildFile section */

/* Begin PBXFileReference section */
		1A89CA4B2967BF5200F369C9 /* WallPaper_Project1.app */ = {isa = PBXFileReference; explicitFileType = wrapper.application; includeInIndex = 0; path = WallPaper_Project1.app; sourceTree = BUILT_PRODUCTS_DIR; };
		1A89CA4E2967BF5200F369C9 /* AppDelegate.swift */ = {isa = PBXFileReference; lastKnownFileType = sourcecode.swift; path = AppDelegate.swift; sourceTree = "<group>"; };
		1A89CA502967BF5200F369C9 /* SceneDelegate.swift */ = {isa = PBXFileReference; lastKnownFileType = sourcecode.swift; path = SceneDelegate.swift; sourceTree = "<group>"; };
		1A89CA582967BF5200F369C9 /* WallPaper_Project1.xcdatamodel */ = {isa = PBXFileReference; lastKnownFileType = wrapper.xcdatamodel; path = WallPaper_Project1.xcdatamodel; sourceTree = "<group>"; };
		1A89CA5A2967BF5300F369C9 /* Assets.xcassets */ = {isa = PBXFileReference; lastKnownFileType = folder.assetcatalog; path = Assets.xcassets; sourceTree = "<group>"; };
		1A89CA5F2967BF5300F369C9 /* Info.plist */ = {isa = PBXFileReference; lastKnownFileType = text.plist.xml; path = Info.plist; sourceTree = "<group>"; };
		1A89CA6C2967D69F00F369C9 /* ViewController.swift */ = {isa = PBXFileReference; lastKnownFileType = sourcecode.swift; path = ViewController.swift; sourceTree = "<group>"; };
		1A89CA822967F1CA00F369C9 /* ImageModel.swift */ = {isa = PBXFileReference; lastKnownFileType = sourcecode.swift; path = ImageModel.swift; sourceTree = "<group>"; };
		1A89CA842967F1D900F369C9 /* VideoModel.swift */ = {isa = PBXFileReference; lastKnownFileType = sourcecode.swift; path = VideoModel.swift; sourceTree = "<group>"; };
		1A89CAA92968133000F369C9 /* ImageViewController.swift */ = {isa = PBXFileReference; fileEncoding = 4; lastKnownFileType = sourcecode.swift; path = ImageViewController.swift; sourceTree = "<group>"; };
		1A89CAAA2968133000F369C9 /* ImageViewController.xib */ = {isa = PBXFileReference; fileEncoding = 4; lastKnownFileType = file.xib; path = ImageViewController.xib; sourceTree = "<group>"; };
		1A89CAB02968137800F369C9 /* Launch Screen.storyboard */ = {isa = PBXFileReference; lastKnownFileType = file.storyboard; path = "Launch Screen.storyboard"; sourceTree = "<group>"; };
		1A8C4A2629681F4C00063D38 /* Main.storyboard */ = {isa = PBXFileReference; lastKnownFileType = file.storyboard; path = Main.storyboard; sourceTree = "<group>"; };
/* End PBXFileReference section */

/* Begin PBXFrameworksBuildPhase section */
		1A89CA482967BF5200F369C9 /* Frameworks */ = {
			isa = PBXFrameworksBuildPhase;
			buildActionMask = 2147483647;
			files = (
			);
			runOnlyForDeploymentPostprocessing = 0;
		};
/* End PBXFrameworksBuildPhase section */

/* Begin PBXGroup section */
		1A89CA422967BF5100F369C9 = {
			isa = PBXGroup;
			children = (
				1A89CA4D2967BF5200F369C9 /* WallPaper_Project1 */,
				1A89CA4C2967BF5200F369C9 /* Products */,
			);
			sourceTree = "<group>";
		};
		1A89CA4C2967BF5200F369C9 /* Products */ = {
			isa = PBXGroup;
			children = (
				1A89CA4B2967BF5200F369C9 /* WallPaper_Project1.app */,
			);
			name = Products;
			sourceTree = "<group>";
		};
		1A89CA4D2967BF5200F369C9 /* WallPaper_Project1 */ = {
			isa = PBXGroup;
			children = (
				1A89CA9B2968036F00F369C9 /* Extensions */,
				1A89CA9A2968034C00F369C9 /* Repository */,
				1A89CA942968025200F369C9 /* Widgets */,
				1A89CA932968021B00F369C9 /* Utils */,
				1A89CA712967E4EB00F369C9 /* Application */,
				1A89CA6E2967E4A200F369C9 /* Data */,
				1A89CA652967CCF900F369C9 /* Scenes */,
				1A89CA5A2967BF5300F369C9 /* Assets.xcassets */,
				1A89CA5F2967BF5300F369C9 /* Info.plist */,
				1A89CA572967BF5200F369C9 /* WallPaper_Project1.xcdatamodeld */,
			);
			path = WallPaper_Project1;
			sourceTree = "<group>";
		};
		1A89CA652967CCF900F369C9 /* Scenes */ = {
			isa = PBXGroup;
			children = (
				1A89CAB429681BFB00F369C9 /* MainTabBar */,
				1A89CAAF2968135300F369C9 /* LaunchScreen */,
				1A89CAA82968133000F369C9 /* ImageScreen */,
				1A89CA502967BF5200F369C9 /* SceneDelegate.swift */,
				1A89CA6C2967D69F00F369C9 /* ViewController.swift */,
			);
			path = Scenes;
			sourceTree = "<group>";
		};
		1A89CA6E2967E4A200F369C9 /* Data */ = {
			isa = PBXGroup;
			children = (
				1A89CA732967E52200F369C9 /* Source */,
				1A89CA722967E50A00F369C9 /* Models */,
			);
			path = Data;
			sourceTree = "<group>";
		};
		1A89CA712967E4EB00F369C9 /* Application */ = {
			isa = PBXGroup;
			children = (
				1A89CA4E2967BF5200F369C9 /* AppDelegate.swift */,
			);
			path = Application;
			sourceTree = "<group>";
		};
		1A89CA722967E50A00F369C9 /* Models */ = {
			isa = PBXGroup;
			children = (
				1A89CA822967F1CA00F369C9 /* ImageModel.swift */,
				1A89CA842967F1D900F369C9 /* VideoModel.swift */,
			);
			path = Models;
			sourceTree = "<group>";
		};
		1A89CA732967E52200F369C9 /* Source */ = {
			isa = PBXGroup;
			children = (
				1A89CA95296802D100F369C9 /* Local */,
				1A89CA742967E53800F369C9 /* Remote */,
			);
			path = Source;
			sourceTree = "<group>";
		};
		1A89CA742967E53800F369C9 /* Remote */ = {
			isa = PBXGroup;
			children = (
				1A89CA992968032100F369C9 /* Service */,
				1A89CA762967E5AE00F369C9 /* API */,
			);
			path = Remote;
			sourceTree = "<group>";
		};
		1A89CA762967E5AE00F369C9 /* API */ = {
			isa = PBXGroup;
			children = (
				1A89CA982968030900F369C9 /* Middleware */,
				1A89CA97296802FA00F369C9 /* Request */,
				1A89CA96296802ED00F369C9 /* Response */,
				1A89CA782967E5DE00F369C9 /* Error */,
			);
			path = API;
			sourceTree = "<group>";
		};
		1A89CA782967E5DE00F369C9 /* Error */ = {
			isa = PBXGroup;
			children = (
			);
			path = Error;
			sourceTree = "<group>";
		};
		1A89CA932968021B00F369C9 /* Utils */ = {
			isa = PBXGroup;
			children = (
			);
			path = Utils;
			sourceTree = "<group>";
		};
		1A89CA942968025200F369C9 /* Widgets */ = {
			isa = PBXGroup;
			children = (
			);
			path = Widgets;
			sourceTree = "<group>";
		};
		1A89CA95296802D100F369C9 /* Local */ = {
			isa = PBXGroup;
			children = (
			);
			path = Local;
			sourceTree = "<group>";
		};
		1A89CA96296802ED00F369C9 /* Response */ = {
			isa = PBXGroup;
			children = (
			);
			path = Response;
			sourceTree = "<group>";
		};
		1A89CA97296802FA00F369C9 /* Request */ = {
			isa = PBXGroup;
			children = (
			);
			path = Request;
			sourceTree = "<group>";
		};
		1A89CA982968030900F369C9 /* Middleware */ = {
			isa = PBXGroup;
			children = (
			);
			path = Middleware;
			sourceTree = "<group>";
		};
		1A89CA992968032100F369C9 /* Service */ = {
			isa = PBXGroup;
			children = (
			);
			path = Service;
			sourceTree = "<group>";
		};
		1A89CA9A2968034C00F369C9 /* Repository */ = {
			isa = PBXGroup;
			children = (
			);
			path = Repository;
			sourceTree = "<group>";
		};
		1A89CA9B2968036F00F369C9 /* Extensions */ = {
			isa = PBXGroup;
			children = (
			);
			path = Extensions;
			sourceTree = "<group>";
		};
		1A89CAA82968133000F369C9 /* ImageScreen */ = {
			isa = PBXGroup;
			children = (
				1A89CAA92968133000F369C9 /* ImageViewController.swift */,
				1A89CAAA2968133000F369C9 /* ImageViewController.xib */,
			);
			path = ImageScreen;
			sourceTree = "<group>";
		};
		1A89CAAF2968135300F369C9 /* LaunchScreen */ = {
			isa = PBXGroup;
			children = (
				1A89CAB02968137800F369C9 /* Launch Screen.storyboard */,
			);
			path = LaunchScreen;
			sourceTree = "<group>";
		};
		1A89CAB429681BFB00F369C9 /* MainTabBar */ = {
			isa = PBXGroup;
			children = (
				1A8C4A2629681F4C00063D38 /* Main.storyboard */,
			);
			path = MainTabBar;
			sourceTree = "<group>";
		};
/* End PBXGroup section */

/* Begin PBXNativeTarget section */
		1A89CA4A2967BF5200F369C9 /* WallPaper_Project1 */ = {
			isa = PBXNativeTarget;
			buildConfigurationList = 1A89CA622967BF5300F369C9 /* Build configuration list for PBXNativeTarget "WallPaper_Project1" */;
			buildPhases = (
				1A89CA472967BF5200F369C9 /* Sources */,
				1A89CA482967BF5200F369C9 /* Frameworks */,
				1A89CA492967BF5200F369C9 /* Resources */,
			);
			buildRules = (
			);
			dependencies = (
			);
			name = WallPaper_Project1;
			productName = WallPaper_Project1;
			productReference = 1A89CA4B2967BF5200F369C9 /* WallPaper_Project1.app */;
			productType = "com.apple.product-type.application";
		};
/* End PBXNativeTarget section */

/* Begin PBXProject section */
		1A89CA432967BF5100F369C9 /* Project object */ = {
			isa = PBXProject;
			attributes = {
				BuildIndependentTargetsInParallel = 1;
				LastSwiftUpdateCheck = 1410;
				LastUpgradeCheck = 1410;
				TargetAttributes = {
					1A89CA4A2967BF5200F369C9 = {
						CreatedOnToolsVersion = 14.1;
					};
				};
			};
			buildConfigurationList = 1A89CA462967BF5100F369C9 /* Build configuration list for PBXProject "WallPaper_Project1" */;
			compatibilityVersion = "Xcode 14.0";
			developmentRegion = en;
			hasScannedForEncodings = 0;
			knownRegions = (
				en,
				Base,
			);
			mainGroup = 1A89CA422967BF5100F369C9;
			productRefGroup = 1A89CA4C2967BF5200F369C9 /* Products */;
			projectDirPath = "";
			projectRoot = "";
			targets = (
				1A89CA4A2967BF5200F369C9 /* WallPaper_Project1 */,
			);
		};
/* End PBXProject section */

/* Begin PBXResourcesBuildPhase section */
		1A89CA492967BF5200F369C9 /* Resources */ = {
			isa = PBXResourcesBuildPhase;
			buildActionMask = 2147483647;
			files = (
				1A89CAAC2968133000F369C9 /* ImageViewController.xib in Resources */,
				1A89CAB12968137800F369C9 /* Launch Screen.storyboard in Resources */,
				1A89CA5B2967BF5300F369C9 /* Assets.xcassets in Resources */,
				1A8C4A2729681F4C00063D38 /* Main.storyboard in Resources */,
			);
			runOnlyForDeploymentPostprocessing = 0;
		};
/* End PBXResourcesBuildPhase section */

/* Begin PBXSourcesBuildPhase section */
		1A89CA472967BF5200F369C9 /* Sources */ = {
			isa = PBXSourcesBuildPhase;
			buildActionMask = 2147483647;
			files = (
				1A89CA4F2967BF5200F369C9 /* AppDelegate.swift in Sources */,
				1A89CA852967F1D900F369C9 /* VideoModel.swift in Sources */,
				1A89CA832967F1CA00F369C9 /* ImageModel.swift in Sources */,
				1A89CAAB2968133000F369C9 /* ImageViewController.swift in Sources */,
				1A89CA592967BF5200F369C9 /* WallPaper_Project1.xcdatamodeld in Sources */,
				1A89CA6D2967D69F00F369C9 /* ViewController.swift in Sources */,
				1A89CA512967BF5200F369C9 /* SceneDelegate.swift in Sources */,
			);
			runOnlyForDeploymentPostprocessing = 0;
		};
/* End PBXSourcesBuildPhase section */

/* Begin XCBuildConfiguration section */
		1A89CA602967BF5300F369C9 /* Debug */ = {
			isa = XCBuildConfiguration;
			buildSettings = {
				ALWAYS_SEARCH_USER_PATHS = NO;
				CLANG_ANALYZER_NONNULL = YES;
				CLANG_ANALYZER_NUMBER_OBJECT_CONVERSION = YES_AGGRESSIVE;
				CLANG_CXX_LANGUAGE_STANDARD = "gnu++20";
				CLANG_ENABLE_MODULES = YES;
				CLANG_ENABLE_OBJC_ARC = YES;
				CLANG_ENABLE_OBJC_WEAK = YES;
				CLANG_WARN_BLOCK_CAPTURE_AUTORELEASING = YES;
				CLANG_WARN_BOOL_CONVERSION = YES;
				CLANG_WARN_COMMA = YES;
				CLANG_WARN_CONSTANT_CONVERSION = YES;
				CLANG_WARN_DEPRECATED_OBJC_IMPLEMENTATIONS = YES;
				CLANG_WARN_DIRECT_OBJC_ISA_USAGE = YES_ERROR;
				CLANG_WARN_DOCUMENTATION_COMMENTS = YES;
				CLANG_WARN_EMPTY_BODY = YES;
				CLANG_WARN_ENUM_CONVERSION = YES;
				CLANG_WARN_INFINITE_RECURSION = YES;
				CLANG_WARN_INT_CONVERSION = YES;
				CLANG_WARN_NON_LITERAL_NULL_CONVERSION = YES;
				CLANG_WARN_OBJC_IMPLICIT_RETAIN_SELF = YES;
				CLANG_WARN_OBJC_LITERAL_CONVERSION = YES;
				CLANG_WARN_OBJC_ROOT_CLASS = YES_ERROR;
				CLANG_WARN_QUOTED_INCLUDE_IN_FRAMEWORK_HEADER = YES;
				CLANG_WARN_RANGE_LOOP_ANALYSIS = YES;
				CLANG_WARN_STRICT_PROTOTYPES = YES;
				CLANG_WARN_SUSPICIOUS_MOVE = YES;
				CLANG_WARN_UNGUARDED_AVAILABILITY = YES_AGGRESSIVE;
				CLANG_WARN_UNREACHABLE_CODE = YES;
				CLANG_WARN__DUPLICATE_METHOD_MATCH = YES;
				COPY_PHASE_STRIP = NO;
				DEBUG_INFORMATION_FORMAT = dwarf;
				ENABLE_STRICT_OBJC_MSGSEND = YES;
				ENABLE_TESTABILITY = YES;
				GCC_C_LANGUAGE_STANDARD = gnu11;
				GCC_DYNAMIC_NO_PIC = NO;
				GCC_NO_COMMON_BLOCKS = YES;
				GCC_OPTIMIZATION_LEVEL = 0;
				GCC_PREPROCESSOR_DEFINITIONS = (
					"DEBUG=1",
					"$(inherited)",
				);
				GCC_WARN_64_TO_32_BIT_CONVERSION = YES;
				GCC_WARN_ABOUT_RETURN_TYPE = YES_ERROR;
				GCC_WARN_UNDECLARED_SELECTOR = YES;
				GCC_WARN_UNINITIALIZED_AUTOS = YES_AGGRESSIVE;
				GCC_WARN_UNUSED_FUNCTION = YES;
				GCC_WARN_UNUSED_VARIABLE = YES;
				IPHONEOS_DEPLOYMENT_TARGET = 16.1;
				MTL_ENABLE_DEBUG_INFO = INCLUDE_SOURCE;
				MTL_FAST_MATH = YES;
				ONLY_ACTIVE_ARCH = YES;
				SDKROOT = iphoneos;
				SWIFT_ACTIVE_COMPILATION_CONDITIONS = DEBUG;
				SWIFT_OPTIMIZATION_LEVEL = "-Onone";
			};
			name = Debug;
		};
		1A89CA612967BF5300F369C9 /* Release */ = {
			isa = XCBuildConfiguration;
			buildSettings = {
				ALWAYS_SEARCH_USER_PATHS = NO;
				CLANG_ANALYZER_NONNULL = YES;
				CLANG_ANALYZER_NUMBER_OBJECT_CONVERSION = YES_AGGRESSIVE;
				CLANG_CXX_LANGUAGE_STANDARD = "gnu++20";
				CLANG_ENABLE_MODULES = YES;
				CLANG_ENABLE_OBJC_ARC = YES;
				CLANG_ENABLE_OBJC_WEAK = YES;
				CLANG_WARN_BLOCK_CAPTURE_AUTORELEASING = YES;
				CLANG_WARN_BOOL_CONVERSION = YES;
				CLANG_WARN_COMMA = YES;
				CLANG_WARN_CONSTANT_CONVERSION = YES;
				CLANG_WARN_DEPRECATED_OBJC_IMPLEMENTATIONS = YES;
				CLANG_WARN_DIRECT_OBJC_ISA_USAGE = YES_ERROR;
				CLANG_WARN_DOCUMENTATION_COMMENTS = YES;
				CLANG_WARN_EMPTY_BODY = YES;
				CLANG_WARN_ENUM_CONVERSION = YES;
				CLANG_WARN_INFINITE_RECURSION = YES;
				CLANG_WARN_INT_CONVERSION = YES;
				CLANG_WARN_NON_LITERAL_NULL_CONVERSION = YES;
				CLANG_WARN_OBJC_IMPLICIT_RETAIN_SELF = YES;
				CLANG_WARN_OBJC_LITERAL_CONVERSION = YES;
				CLANG_WARN_OBJC_ROOT_CLASS = YES_ERROR;
				CLANG_WARN_QUOTED_INCLUDE_IN_FRAMEWORK_HEADER = YES;
				CLANG_WARN_RANGE_LOOP_ANALYSIS = YES;
				CLANG_WARN_STRICT_PROTOTYPES = YES;
				CLANG_WARN_SUSPICIOUS_MOVE = YES;
				CLANG_WARN_UNGUARDED_AVAILABILITY = YES_AGGRESSIVE;
				CLANG_WARN_UNREACHABLE_CODE = YES;
				CLANG_WARN__DUPLICATE_METHOD_MATCH = YES;
				COPY_PHASE_STRIP = NO;
				DEBUG_INFORMATION_FORMAT = "dwarf-with-dsym";
				ENABLE_NS_ASSERTIONS = NO;
				ENABLE_STRICT_OBJC_MSGSEND = YES;
				GCC_C_LANGUAGE_STANDARD = gnu11;
				GCC_NO_COMMON_BLOCKS = YES;
				GCC_WARN_64_TO_32_BIT_CONVERSION = YES;
				GCC_WARN_ABOUT_RETURN_TYPE = YES_ERROR;
				GCC_WARN_UNDECLARED_SELECTOR = YES;
				GCC_WARN_UNINITIALIZED_AUTOS = YES_AGGRESSIVE;
				GCC_WARN_UNUSED_FUNCTION = YES;
				GCC_WARN_UNUSED_VARIABLE = YES;
				IPHONEOS_DEPLOYMENT_TARGET = 16.1;
				MTL_ENABLE_DEBUG_INFO = NO;
				MTL_FAST_MATH = YES;
				SDKROOT = iphoneos;
				SWIFT_COMPILATION_MODE = wholemodule;
				SWIFT_OPTIMIZATION_LEVEL = "-O";
				VALIDATE_PRODUCT = YES;
			};
			name = Release;
		};
		1A89CA632967BF5300F369C9 /* Debug */ = {
			isa = XCBuildConfiguration;
			buildSettings = {
				ASSETCATALOG_COMPILER_APPICON_NAME = AppIcon;
				ASSETCATALOG_COMPILER_GLOBAL_ACCENT_COLOR_NAME = AccentColor;
				CODE_SIGN_STYLE = Automatic;
				CURRENT_PROJECT_VERSION = 1;
				DEVELOPMENT_TEAM = BZD66Y59V5;
				GENERATE_INFOPLIST_FILE = YES;
				INFOPLIST_FILE = WallPaper_Project1/Info.plist;
				INFOPLIST_KEY_UIApplicationSupportsIndirectInputEvents = YES;
				INFOPLIST_KEY_UILaunchStoryboardName = "Launch Screen.storyboard";
				INFOPLIST_KEY_UIMainStoryboardFile = Main;
				INFOPLIST_KEY_UISupportedInterfaceOrientations_iPad = "UIInterfaceOrientationPortrait UIInterfaceOrientationPortraitUpsideDown UIInterfaceOrientationLandscapeLeft UIInterfaceOrientationLandscapeRight";
				INFOPLIST_KEY_UISupportedInterfaceOrientations_iPhone = "UIInterfaceOrientationPortrait UIInterfaceOrientationLandscapeLeft UIInterfaceOrientationLandscapeRight";
				IPHONEOS_DEPLOYMENT_TARGET = 15.0;
				LD_RUNPATH_SEARCH_PATHS = (
					"$(inherited)",
					"@executable_path/Frameworks",
				);
				MARKETING_VERSION = 1.0;
				PRODUCT_BUNDLE_IDENTIFIER = "DuyThai.WallPaper-Project1";
				PRODUCT_NAME = "$(TARGET_NAME)";
				SWIFT_EMIT_LOC_STRINGS = YES;
				SWIFT_VERSION = 5.0;
				TARGETED_DEVICE_FAMILY = "1,2";
			};
			name = Debug;
		};
		1A89CA642967BF5300F369C9 /* Release */ = {
			isa = XCBuildConfiguration;
			buildSettings = {
				ASSETCATALOG_COMPILER_APPICON_NAME = AppIcon;
				ASSETCATALOG_COMPILER_GLOBAL_ACCENT_COLOR_NAME = AccentColor;
				CODE_SIGN_STYLE = Automatic;
				CURRENT_PROJECT_VERSION = 1;
				DEVELOPMENT_TEAM = BZD66Y59V5;
				GENERATE_INFOPLIST_FILE = YES;
				INFOPLIST_FILE = WallPaper_Project1/Info.plist;
				INFOPLIST_KEY_UIApplicationSupportsIndirectInputEvents = YES;
				INFOPLIST_KEY_UILaunchStoryboardName = "Launch Screen.storyboard";
				INFOPLIST_KEY_UIMainStoryboardFile = Main;
				INFOPLIST_KEY_UISupportedInterfaceOrientations_iPad = "UIInterfaceOrientationPortrait UIInterfaceOrientationPortraitUpsideDown UIInterfaceOrientationLandscapeLeft UIInterfaceOrientationLandscapeRight";
				INFOPLIST_KEY_UISupportedInterfaceOrientations_iPhone = "UIInterfaceOrientationPortrait UIInterfaceOrientationLandscapeLeft UIInterfaceOrientationLandscapeRight";
				IPHONEOS_DEPLOYMENT_TARGET = 15.0;
				LD_RUNPATH_SEARCH_PATHS = (
					"$(inherited)",
					"@executable_path/Frameworks",
				);
				MARKETING_VERSION = 1.0;
				PRODUCT_BUNDLE_IDENTIFIER = "DuyThai.WallPaper-Project1";
				PRODUCT_NAME = "$(TARGET_NAME)";
				SWIFT_EMIT_LOC_STRINGS = YES;
				SWIFT_VERSION = 5.0;
				TARGETED_DEVICE_FAMILY = "1,2";
			};
			name = Release;
		};
/* End XCBuildConfiguration section */

/* Begin XCConfigurationList section */
		1A89CA462967BF5100F369C9 /* Build configuration list for PBXProject "WallPaper_Project1" */ = {
			isa = XCConfigurationList;
			buildConfigurations = (
				1A89CA602967BF5300F369C9 /* Debug */,
				1A89CA612967BF5300F369C9 /* Release */,
			);
			defaultConfigurationIsVisible = 0;
			defaultConfigurationName = Release;
		};
		1A89CA622967BF5300F369C9 /* Build configuration list for PBXNativeTarget "WallPaper_Project1" */ = {
			isa = XCConfigurationList;
			buildConfigurations = (
				1A89CA632967BF5300F369C9 /* Debug */,
				1A89CA642967BF5300F369C9 /* Release */,
			);
			defaultConfigurationIsVisible = 0;
			defaultConfigurationName = Release;
		};
/* End XCConfigurationList section */

/* Begin XCVersionGroup section */
		1A89CA572967BF5200F369C9 /* WallPaper_Project1.xcdatamodeld */ = {
			isa = XCVersionGroup;
			children = (
				1A89CA582967BF5200F369C9 /* WallPaper_Project1.xcdatamodel */,
			);
			currentVersion = 1A89CA582967BF5200F369C9 /* WallPaper_Project1.xcdatamodel */;
			path = WallPaper_Project1.xcdatamodeld;
			sourceTree = "<group>";
			versionGroupType = wrapper.xcdatamodel;
		};
/* End XCVersionGroup section */
	};
	rootObject = 1A89CA432967BF5100F369C9 /* Project object */;
}
