// !$*UTF8*$!
{
	archiveVersion = 1;
	classes = {
	};
	objectVersion = 56;
	objects = {

/* Begin PBXBuildFile section */
		1A34D80B298A17ED00252CFB /* CoreDataModel.swift in Sources */ = {isa = PBXBuildFile; fileRef = 1A34D80A298A17ED00252CFB /* CoreDataModel.swift */; };
		1A34D80D298A2BCA00252CFB /* Data.plist in Resources */ = {isa = PBXBuildFile; fileRef = 1AA8937E297017B000B7C668 /* Data.plist */; };
		1A37F731296D6DA60021C37A /* ViewExtension.swift in Sources */ = {isa = PBXBuildFile; fileRef = 1A37F730296D6DA60021C37A /* ViewExtension.swift */; };
		1A3879C2296BC4D80041B289 /* Others.swift in Sources */ = {isa = PBXBuildFile; fileRef = 1A3879C1296BC4D80041B289 /* Others.swift */; };
		1A3879CE296C485C0041B289 /* CategoryCollectionViewCell.swift in Sources */ = {isa = PBXBuildFile; fileRef = 1A3879CC296C485C0041B289 /* CategoryCollectionViewCell.swift */; };
		1A3879CF296C485C0041B289 /* CategoryCollectionViewCell.xib in Resources */ = {isa = PBXBuildFile; fileRef = 1A3879CD296C485C0041B289 /* CategoryCollectionViewCell.xib */; };
		1A3879D3296C486D0041B289 /* ImageCollectionViewCell.xib in Resources */ = {isa = PBXBuildFile; fileRef = 1A3879D1296C486C0041B289 /* ImageCollectionViewCell.xib */; };
		1A3879D4296C486D0041B289 /* ImageCollectionViewCell.swift in Sources */ = {isa = PBXBuildFile; fileRef = 1A3879D2296C486C0041B289 /* ImageCollectionViewCell.swift */; };
		1A3879D6296C49200041B289 /* ImageViewController.xib in Resources */ = {isa = PBXBuildFile; fileRef = 1A3879D5296C49200041B289 /* ImageViewController.xib */; };
		1A7DF37D296E71230013C264 /* DetailViewController.swift in Sources */ = {isa = PBXBuildFile; fileRef = 1A7DF37C296E71230013C264 /* DetailViewController.swift */; };
		1A7DF37F296E712F0013C264 /* DetailViewController.xib in Resources */ = {isa = PBXBuildFile; fileRef = 1A7DF37E296E712F0013C264 /* DetailViewController.xib */; };
		1A7DF398296E80C90013C264 /* ReuseCellProtocol.swift in Sources */ = {isa = PBXBuildFile; fileRef = 1A7DF397296E80C90013C264 /* ReuseCellProtocol.swift */; };
		1A7DF39A296E81470013C264 /* ReuseCellType.swift in Sources */ = {isa = PBXBuildFile; fileRef = 1A7DF399296E81470013C264 /* ReuseCellType.swift */; };
		1A7DF39C296EB9E40013C264 /* ImageView.swift in Sources */ = {isa = PBXBuildFile; fileRef = 1A7DF39B296EB9E40013C264 /* ImageView.swift */; };
		1A7DF39F296EBA350013C264 /* HexColor.swift in Sources */ = {isa = PBXBuildFile; fileRef = 1A7DF39E296EBA350013C264 /* HexColor.swift */; };
		1A7DF3A3296F00B80013C264 /* PopUpViewController.swift in Sources */ = {isa = PBXBuildFile; fileRef = 1A7DF3A1296F00B80013C264 /* PopUpViewController.swift */; };
		1A7DF3A4296F00B80013C264 /* PopUpViewController.xib in Resources */ = {isa = PBXBuildFile; fileRef = 1A7DF3A2296F00B80013C264 /* PopUpViewController.xib */; };
		1A89CA4F2967BF5200F369C9 /* AppDelegate.swift in Sources */ = {isa = PBXBuildFile; fileRef = 1A89CA4E2967BF5200F369C9 /* AppDelegate.swift */; };
		1A89CA592967BF5200F369C9 /* WallPaper_Project1.xcdatamodeld in Sources */ = {isa = PBXBuildFile; fileRef = 1A89CA572967BF5200F369C9 /* WallPaper_Project1.xcdatamodeld */; };
		1A89CA5B2967BF5300F369C9 /* Assets.xcassets in Resources */ = {isa = PBXBuildFile; fileRef = 1A89CA5A2967BF5300F369C9 /* Assets.xcassets */; };
		1A89CA832967F1CA00F369C9 /* ImageModel.swift in Sources */ = {isa = PBXBuildFile; fileRef = 1A89CA822967F1CA00F369C9 /* ImageModel.swift */; };
		1A89CA852967F1D900F369C9 /* VideoModel.swift in Sources */ = {isa = PBXBuildFile; fileRef = 1A89CA842967F1D900F369C9 /* VideoModel.swift */; };
		1A89CAAB2968133000F369C9 /* ImageViewController.swift in Sources */ = {isa = PBXBuildFile; fileRef = 1A89CAA92968133000F369C9 /* ImageViewController.swift */; };
		1A89CAB12968137800F369C9 /* Launch Screen.storyboard in Resources */ = {isa = PBXBuildFile; fileRef = 1A89CAB02968137800F369C9 /* Launch Screen.storyboard */; };
		1A8C4A2729681F4C00063D38 /* Main.storyboard in Resources */ = {isa = PBXBuildFile; fileRef = 1A8C4A2629681F4C00063D38 /* Main.storyboard */; };
		1A8C4A292968262A00063D38 /* APIRespositoryType.swift in Sources */ = {isa = PBXBuildFile; fileRef = 1A8C4A282968262A00063D38 /* APIRespositoryType.swift */; };
		1A8C4A2B2968272A00063D38 /* APICaller.swift in Sources */ = {isa = PBXBuildFile; fileRef = 1A8C4A2A2968272A00063D38 /* APICaller.swift */; };
		1A8C4A2E296827AA00063D38 /* Error.swift in Sources */ = {isa = PBXBuildFile; fileRef = 1A8C4A2D296827AA00063D38 /* Error.swift */; };
		1A8C4A30296827F100063D38 /* MethodReqest.swift in Sources */ = {isa = PBXBuildFile; fileRef = 1A8C4A2F296827F100063D38 /* MethodReqest.swift */; };
		1A8C4A322968288800063D38 /* Constant.swift in Sources */ = {isa = PBXBuildFile; fileRef = 1A8C4A312968288800063D38 /* Constant.swift */; };
		1A8C4A3429692A2200063D38 /* DataRepository.swift in Sources */ = {isa = PBXBuildFile; fileRef = 1A8C4A3329692A2200063D38 /* DataRepository.swift */; };
		1A8C4A382969389F00063D38 /* TabBarViewController.swift in Sources */ = {isa = PBXBuildFile; fileRef = 1A8C4A372969389F00063D38 /* TabBarViewController.swift */; };
		1A8C4A3C29693AD100063D38 /* VideoScreenViewController.swift in Sources */ = {isa = PBXBuildFile; fileRef = 1A8C4A3A29693AD100063D38 /* VideoScreenViewController.swift */; };
		1A8C4A432969484600063D38 /* AuthorViewController.swift in Sources */ = {isa = PBXBuildFile; fileRef = 1A8C4A412969484600063D38 /* AuthorViewController.swift */; };
		1A8C4A442969484600063D38 /* AuthorViewController.xib in Resources */ = {isa = PBXBuildFile; fileRef = 1A8C4A422969484600063D38 /* AuthorViewController.xib */; };
		1A8C4A482969494D00063D38 /* SearchViewController.swift in Sources */ = {isa = PBXBuildFile; fileRef = 1A8C4A462969494D00063D38 /* SearchViewController.swift */; };
		1A8C4A492969494D00063D38 /* SearchViewController.xib in Resources */ = {isa = PBXBuildFile; fileRef = 1A8C4A472969494D00063D38 /* SearchViewController.xib */; };
		1A8C4A4D29694A3800063D38 /* PersonalViewController.swift in Sources */ = {isa = PBXBuildFile; fileRef = 1A8C4A4B29694A3800063D38 /* PersonalViewController.swift */; };
		1A8C4A4E29694A3800063D38 /* PersonalViewController.xib in Resources */ = {isa = PBXBuildFile; fileRef = 1A8C4A4C29694A3800063D38 /* PersonalViewController.xib */; };
		1AA892F4296F9D9E00B7C668 /* GetDataFromPlist.swift in Sources */ = {isa = PBXBuildFile; fileRef = 1AA892F3296F9D9E00B7C668 /* GetDataFromPlist.swift */; };
		1AA8937C296FE46800B7C668 /* LoadCollectionReusableView.swift in Sources */ = {isa = PBXBuildFile; fileRef = 1AA8937A296FE46800B7C668 /* LoadCollectionReusableView.swift */; };
		1AA8937D296FE46800B7C668 /* LoadCollectionReusableView.xib in Resources */ = {isa = PBXBuildFile; fileRef = 1AA8937B296FE46800B7C668 /* LoadCollectionReusableView.xib */; };
		1AA893832970F0F400B7C668 /* WaitingLoadingViewController.swift in Sources */ = {isa = PBXBuildFile; fileRef = 1AA893812970F0F400B7C668 /* WaitingLoadingViewController.swift */; };
		1AA893842970F0F400B7C668 /* WaitingLoadingViewController.xib in Resources */ = {isa = PBXBuildFile; fileRef = 1AA893822970F0F400B7C668 /* WaitingLoadingViewController.xib */; };
		1AA8938829718DEE00B7C668 /* VideoCollectionViewCell.swift in Sources */ = {isa = PBXBuildFile; fileRef = 1AA8938629718DEE00B7C668 /* VideoCollectionViewCell.swift */; };
		1AA8938929718DEE00B7C668 /* VideoCollectionViewCell.xib in Resources */ = {isa = PBXBuildFile; fileRef = 1AA8938729718DEE00B7C668 /* VideoCollectionViewCell.xib */; };
		1AA8938B2971ADAA00B7C668 /* VideoScreenViewController.xib in Resources */ = {isa = PBXBuildFile; fileRef = 1AA8938A2971ADAA00B7C668 /* VideoScreenViewController.xib */; };
		1AAA1231298967D900792976 /* LocalData.swift in Sources */ = {isa = PBXBuildFile; fileRef = 1AAA1230298967D900792976 /* LocalData.swift */; };
		1AF202A6298A6B4F0014D8D0 /* CoreDataRepository.swift in Sources */ = {isa = PBXBuildFile; fileRef = 1AF202A5298A6B4F0014D8D0 /* CoreDataRepository.swift */; };
/* End PBXBuildFile section */

/* Begin PBXFileReference section */
		1A34D80A298A17ED00252CFB /* CoreDataModel.swift */ = {isa = PBXFileReference; lastKnownFileType = sourcecode.swift; path = CoreDataModel.swift; sourceTree = "<group>"; };
		1A37F730296D6DA60021C37A /* ViewExtension.swift */ = {isa = PBXFileReference; lastKnownFileType = sourcecode.swift; path = ViewExtension.swift; sourceTree = "<group>"; };
		1A3879C1296BC4D80041B289 /* Others.swift */ = {isa = PBXFileReference; lastKnownFileType = sourcecode.swift; path = Others.swift; sourceTree = "<group>"; };
		1A3879CC296C485C0041B289 /* CategoryCollectionViewCell.swift */ = {isa = PBXFileReference; fileEncoding = 4; lastKnownFileType = sourcecode.swift; path = CategoryCollectionViewCell.swift; sourceTree = "<group>"; };
		1A3879CD296C485C0041B289 /* CategoryCollectionViewCell.xib */ = {isa = PBXFileReference; fileEncoding = 4; lastKnownFileType = file.xib; path = CategoryCollectionViewCell.xib; sourceTree = "<group>"; };
		1A3879D1296C486C0041B289 /* ImageCollectionViewCell.xib */ = {isa = PBXFileReference; fileEncoding = 4; lastKnownFileType = file.xib; path = ImageCollectionViewCell.xib; sourceTree = "<group>"; };
		1A3879D2296C486C0041B289 /* ImageCollectionViewCell.swift */ = {isa = PBXFileReference; fileEncoding = 4; lastKnownFileType = sourcecode.swift; path = ImageCollectionViewCell.swift; sourceTree = "<group>"; };
		1A3879D5296C49200041B289 /* ImageViewController.xib */ = {isa = PBXFileReference; fileEncoding = 4; lastKnownFileType = file.xib; path = ImageViewController.xib; sourceTree = "<group>"; };
		1A7DF37C296E71230013C264 /* DetailViewController.swift */ = {isa = PBXFileReference; fileEncoding = 4; lastKnownFileType = sourcecode.swift; path = DetailViewController.swift; sourceTree = "<group>"; };
		1A7DF37E296E712F0013C264 /* DetailViewController.xib */ = {isa = PBXFileReference; fileEncoding = 4; lastKnownFileType = file.xib; path = DetailViewController.xib; sourceTree = "<group>"; };
		1A7DF397296E80C90013C264 /* ReuseCellProtocol.swift */ = {isa = PBXFileReference; lastKnownFileType = sourcecode.swift; path = ReuseCellProtocol.swift; sourceTree = "<group>"; };
		1A7DF399296E81470013C264 /* ReuseCellType.swift */ = {isa = PBXFileReference; lastKnownFileType = sourcecode.swift; path = ReuseCellType.swift; sourceTree = "<group>"; };
		1A7DF39B296EB9E40013C264 /* ImageView.swift */ = {isa = PBXFileReference; lastKnownFileType = sourcecode.swift; path = ImageView.swift; sourceTree = "<group>"; };
		1A7DF39E296EBA350013C264 /* HexColor.swift */ = {isa = PBXFileReference; lastKnownFileType = sourcecode.swift; path = HexColor.swift; sourceTree = "<group>"; };
		1A7DF3A1296F00B80013C264 /* PopUpViewController.swift */ = {isa = PBXFileReference; lastKnownFileType = sourcecode.swift; path = PopUpViewController.swift; sourceTree = "<group>"; };
		1A7DF3A2296F00B80013C264 /* PopUpViewController.xib */ = {isa = PBXFileReference; lastKnownFileType = file.xib; path = PopUpViewController.xib; sourceTree = "<group>"; };
		1A89CA4B2967BF5200F369C9 /* WallPaper_Project1.app */ = {isa = PBXFileReference; explicitFileType = wrapper.application; includeInIndex = 0; path = WallPaper_Project1.app; sourceTree = BUILT_PRODUCTS_DIR; };
		1A89CA4E2967BF5200F369C9 /* AppDelegate.swift */ = {isa = PBXFileReference; lastKnownFileType = sourcecode.swift; path = AppDelegate.swift; sourceTree = "<group>"; };
		1A89CA582967BF5200F369C9 /* WallPaper_Project1.xcdatamodel */ = {isa = PBXFileReference; lastKnownFileType = wrapper.xcdatamodel; path = WallPaper_Project1.xcdatamodel; sourceTree = "<group>"; };
		1A89CA5A2967BF5300F369C9 /* Assets.xcassets */ = {isa = PBXFileReference; lastKnownFileType = folder.assetcatalog; path = Assets.xcassets; sourceTree = "<group>"; };
		1A89CA5F2967BF5300F369C9 /* Info.plist */ = {isa = PBXFileReference; lastKnownFileType = text.plist.xml; path = Info.plist; sourceTree = "<group>"; };
		1A89CA822967F1CA00F369C9 /* ImageModel.swift */ = {isa = PBXFileReference; lastKnownFileType = sourcecode.swift; path = ImageModel.swift; sourceTree = "<group>"; };
		1A89CA842967F1D900F369C9 /* VideoModel.swift */ = {isa = PBXFileReference; lastKnownFileType = sourcecode.swift; path = VideoModel.swift; sourceTree = "<group>"; };
		1A89CAA92968133000F369C9 /* ImageViewController.swift */ = {isa = PBXFileReference; fileEncoding = 4; lastKnownFileType = sourcecode.swift; path = ImageViewController.swift; sourceTree = "<group>"; };
		1A89CAB02968137800F369C9 /* Launch Screen.storyboard */ = {isa = PBXFileReference; lastKnownFileType = file.storyboard; path = "Launch Screen.storyboard"; sourceTree = "<group>"; };
		1A8C4A2629681F4C00063D38 /* Main.storyboard */ = {isa = PBXFileReference; lastKnownFileType = file.storyboard; path = Main.storyboard; sourceTree = "<group>"; };
		1A8C4A282968262A00063D38 /* APIRespositoryType.swift */ = {isa = PBXFileReference; lastKnownFileType = sourcecode.swift; path = APIRespositoryType.swift; sourceTree = "<group>"; };
		1A8C4A2A2968272A00063D38 /* APICaller.swift */ = {isa = PBXFileReference; lastKnownFileType = sourcecode.swift; path = APICaller.swift; sourceTree = "<group>"; };
		1A8C4A2D296827AA00063D38 /* Error.swift */ = {isa = PBXFileReference; lastKnownFileType = sourcecode.swift; path = Error.swift; sourceTree = "<group>"; };
		1A8C4A2F296827F100063D38 /* MethodReqest.swift */ = {isa = PBXFileReference; lastKnownFileType = sourcecode.swift; path = MethodReqest.swift; sourceTree = "<group>"; };
		1A8C4A312968288800063D38 /* Constant.swift */ = {isa = PBXFileReference; lastKnownFileType = sourcecode.swift; path = Constant.swift; sourceTree = "<group>"; };
		1A8C4A3329692A2200063D38 /* DataRepository.swift */ = {isa = PBXFileReference; lastKnownFileType = sourcecode.swift; path = DataRepository.swift; sourceTree = "<group>"; };
		1A8C4A372969389F00063D38 /* TabBarViewController.swift */ = {isa = PBXFileReference; lastKnownFileType = sourcecode.swift; path = TabBarViewController.swift; sourceTree = "<group>"; };
		1A8C4A3A29693AD100063D38 /* VideoScreenViewController.swift */ = {isa = PBXFileReference; lastKnownFileType = sourcecode.swift; path = VideoScreenViewController.swift; sourceTree = "<group>"; };
		1A8C4A412969484600063D38 /* AuthorViewController.swift */ = {isa = PBXFileReference; lastKnownFileType = sourcecode.swift; path = AuthorViewController.swift; sourceTree = "<group>"; };
		1A8C4A422969484600063D38 /* AuthorViewController.xib */ = {isa = PBXFileReference; lastKnownFileType = file.xib; path = AuthorViewController.xib; sourceTree = "<group>"; };
		1A8C4A462969494D00063D38 /* SearchViewController.swift */ = {isa = PBXFileReference; lastKnownFileType = sourcecode.swift; path = SearchViewController.swift; sourceTree = "<group>"; };
		1A8C4A472969494D00063D38 /* SearchViewController.xib */ = {isa = PBXFileReference; lastKnownFileType = file.xib; path = SearchViewController.xib; sourceTree = "<group>"; };
		1A8C4A4B29694A3800063D38 /* PersonalViewController.swift */ = {isa = PBXFileReference; lastKnownFileType = sourcecode.swift; path = PersonalViewController.swift; sourceTree = "<group>"; };
		1A8C4A4C29694A3800063D38 /* PersonalViewController.xib */ = {isa = PBXFileReference; lastKnownFileType = file.xib; path = PersonalViewController.xib; sourceTree = "<group>"; };
		1AA892F3296F9D9E00B7C668 /* GetDataFromPlist.swift */ = {isa = PBXFileReference; lastKnownFileType = sourcecode.swift; path = GetDataFromPlist.swift; sourceTree = "<group>"; };
		1AA8937A296FE46800B7C668 /* LoadCollectionReusableView.swift */ = {isa = PBXFileReference; lastKnownFileType = sourcecode.swift; path = LoadCollectionReusableView.swift; sourceTree = "<group>"; };
		1AA8937B296FE46800B7C668 /* LoadCollectionReusableView.xib */ = {isa = PBXFileReference; lastKnownFileType = file.xib; path = LoadCollectionReusableView.xib; sourceTree = "<group>"; };
		1AA8937E297017B000B7C668 /* Data.plist */ = {isa = PBXFileReference; lastKnownFileType = text.plist.xml; path = Data.plist; sourceTree = "<group>"; };
		1AA893812970F0F400B7C668 /* WaitingLoadingViewController.swift */ = {isa = PBXFileReference; lastKnownFileType = sourcecode.swift; path = WaitingLoadingViewController.swift; sourceTree = "<group>"; };
		1AA893822970F0F400B7C668 /* WaitingLoadingViewController.xib */ = {isa = PBXFileReference; lastKnownFileType = file.xib; path = WaitingLoadingViewController.xib; sourceTree = "<group>"; };
		1AA8938629718DEE00B7C668 /* VideoCollectionViewCell.swift */ = {isa = PBXFileReference; lastKnownFileType = sourcecode.swift; path = VideoCollectionViewCell.swift; sourceTree = "<group>"; };
		1AA8938729718DEE00B7C668 /* VideoCollectionViewCell.xib */ = {isa = PBXFileReference; lastKnownFileType = file.xib; path = VideoCollectionViewCell.xib; sourceTree = "<group>"; };
		1AA8938A2971ADAA00B7C668 /* VideoScreenViewController.xib */ = {isa = PBXFileReference; lastKnownFileType = file.xib; path = VideoScreenViewController.xib; sourceTree = "<group>"; };
		1AAA1230298967D900792976 /* LocalData.swift */ = {isa = PBXFileReference; lastKnownFileType = sourcecode.swift; path = LocalData.swift; sourceTree = "<group>"; };
		1AF202A5298A6B4F0014D8D0 /* CoreDataRepository.swift */ = {isa = PBXFileReference; lastKnownFileType = sourcecode.swift; path = CoreDataRepository.swift; sourceTree = "<group>"; };
/* End PBXFileReference section */

/* Begin PBXFrameworksBuildPhase section */
		1A89CA482967BF5200F369C9 /* Frameworks */ = {
			isa = PBXFrameworksBuildPhase;
			buildActionMask = 2147483647;
			files = (
			);
			runOnlyForDeploymentPostprocessing = 0;
		};
/* End PBXFrameworksBuildPhase section */

/* Begin PBXGroup section */
		1A37F72F296D6D8F0021C37A /* View */ = {
			isa = PBXGroup;
			children = (
				1A37F730296D6DA60021C37A /* ViewExtension.swift */,
				1A7DF39B296EB9E40013C264 /* ImageView.swift */,
			);
			path = View;
			sourceTree = "<group>";
		};
		1A3879CB296C485C0041B289 /* CategoryCell */ = {
			isa = PBXGroup;
			children = (
				1A3879CC296C485C0041B289 /* CategoryCollectionViewCell.swift */,
				1A3879CD296C485C0041B289 /* CategoryCollectionViewCell.xib */,
			);
			path = CategoryCell;
			sourceTree = "<group>";
		};
		1A3879D0296C486C0041B289 /* ImageCell */ = {
			isa = PBXGroup;
			children = (
				1A3879D1296C486C0041B289 /* ImageCollectionViewCell.xib */,
				1A3879D2296C486C0041B289 /* ImageCollectionViewCell.swift */,
			);
			path = ImageCell;
			sourceTree = "<group>";
		};
		1A3879D7296D11640041B289 /* ReuseCell */ = {
			isa = PBXGroup;
			children = (
				1A7DF397296E80C90013C264 /* ReuseCellProtocol.swift */,
			);
			path = ReuseCell;
			sourceTree = "<group>";
		};
		1A3879DA296D1C4F0041B289 /* ReuseCell */ = {
			isa = PBXGroup;
			children = (
				1A7DF399296E81470013C264 /* ReuseCellType.swift */,
			);
			path = ReuseCell;
			sourceTree = "<group>";
		};
		1A3879DD296D2EDF0041B289 /* DetailScreen */ = {
			isa = PBXGroup;
			children = (
				1A7DF37C296E71230013C264 /* DetailViewController.swift */,
				1A7DF37E296E712F0013C264 /* DetailViewController.xib */,
			);
			path = DetailScreen;
			sourceTree = "<group>";
		};
		1A7DF39D296EBA120013C264 /* Color */ = {
			isa = PBXGroup;
			children = (
				1A7DF39E296EBA350013C264 /* HexColor.swift */,
			);
			path = Color;
			sourceTree = "<group>";
		};
		1A7DF3A0296F008E0013C264 /* PopUp */ = {
			isa = PBXGroup;
			children = (
				1A7DF3A1296F00B80013C264 /* PopUpViewController.swift */,
				1A7DF3A2296F00B80013C264 /* PopUpViewController.xib */,
			);
			path = PopUp;
			sourceTree = "<group>";
		};
		1A89CA422967BF5100F369C9 = {
			isa = PBXGroup;
			children = (
				1A89CA4D2967BF5200F369C9 /* WallPaper_Project1 */,
				1A89CA4C2967BF5200F369C9 /* Products */,
			);
			sourceTree = "<group>";
		};
		1A89CA4C2967BF5200F369C9 /* Products */ = {
			isa = PBXGroup;
			children = (
				1A89CA4B2967BF5200F369C9 /* WallPaper_Project1.app */,
			);
			name = Products;
			sourceTree = "<group>";
		};
		1A89CA4D2967BF5200F369C9 /* WallPaper_Project1 */ = {
			isa = PBXGroup;
			children = (
				1A8C4A2C2968279100063D38 /* Enums */,
				1A89CA9B2968036F00F369C9 /* Extensions */,
				1A89CA9A2968034C00F369C9 /* Repository */,
				1A89CA942968025200F369C9 /* Widgets */,
				1A89CA712967E4EB00F369C9 /* Application */,
				1A89CA6E2967E4A200F369C9 /* Data */,
				1A89CA652967CCF900F369C9 /* Scenes */,
				1A89CA5A2967BF5300F369C9 /* Assets.xcassets */,
				1A89CA5F2967BF5300F369C9 /* Info.plist */,
				1A89CA572967BF5200F369C9 /* WallPaper_Project1.xcdatamodeld */,
				1AA8937E297017B000B7C668 /* Data.plist */,
			);
			path = WallPaper_Project1;
			sourceTree = "<group>";
		};
		1A89CA652967CCF900F369C9 /* Scenes */ = {
			isa = PBXGroup;
			children = (
				1A3879DD296D2EDF0041B289 /* DetailScreen */,
				1A8C4A4A29694A1800063D38 /* PersonalScreen */,
				1A8C4A45296948A600063D38 /* SearchScreen */,
				1A8C4A402969482000063D38 /* AuthorScreen */,
				1A8C4A3929693AA800063D38 /* VideoScreen */,
				1A89CAB429681BFB00F369C9 /* MainTabBar */,
				1A89CAAF2968135300F369C9 /* LaunchScreen */,
				1A89CAA82968133000F369C9 /* ImageScreen */,
			);
			path = Scenes;
			sourceTree = "<group>";
		};
		1A89CA6E2967E4A200F369C9 /* Data */ = {
			isa = PBXGroup;
			children = (
				1A89CA732967E52200F369C9 /* Source */,
				1A89CA722967E50A00F369C9 /* Models */,
			);
			path = Data;
			sourceTree = "<group>";
		};
		1A89CA712967E4EB00F369C9 /* Application */ = {
			isa = PBXGroup;
			children = (
				1A89CA4E2967BF5200F369C9 /* AppDelegate.swift */,
			);
			path = Application;
			sourceTree = "<group>";
		};
		1A89CA722967E50A00F369C9 /* Models */ = {
			isa = PBXGroup;
			children = (
				1A89CA822967F1CA00F369C9 /* ImageModel.swift */,
				1A89CA842967F1D900F369C9 /* VideoModel.swift */,
				1A34D80A298A17ED00252CFB /* CoreDataModel.swift */,
			);
			path = Models;
			sourceTree = "<group>";
		};
		1A89CA732967E52200F369C9 /* Source */ = {
			isa = PBXGroup;
			children = (
				1AAA122F2989675900792976 /* Local */,
				1A89CA742967E53800F369C9 /* Remote */,
			);
			path = Source;
			sourceTree = "<group>";
		};
		1A89CA742967E53800F369C9 /* Remote */ = {
			isa = PBXGroup;
			children = (
				1A89CA762967E5AE00F369C9 /* API */,
			);
			path = Remote;
			sourceTree = "<group>";
		};
		1A89CA762967E5AE00F369C9 /* API */ = {
			isa = PBXGroup;
			children = (
				1A8C4A2A2968272A00063D38 /* APICaller.swift */,
				1AA892F3296F9D9E00B7C668 /* GetDataFromPlist.swift */,
			);
			path = API;
			sourceTree = "<group>";
		};
		1A89CA942968025200F369C9 /* Widgets */ = {
			isa = PBXGroup;
			children = (
				1AA8938529718DC100B7C668 /* VideoCell */,
				1AA893802970F0B700B7C668 /* LoadingView */,
				1AA89371296FDE2700B7C668 /* LoadingReuseView */,
				1A7DF3A0296F008E0013C264 /* PopUp */,
				1A3879D7296D11640041B289 /* ReuseCell */,
				1A3879D0296C486C0041B289 /* ImageCell */,
				1A3879CB296C485C0041B289 /* CategoryCell */,
			);
			path = Widgets;
			sourceTree = "<group>";
		};
		1A89CA9A2968034C00F369C9 /* Repository */ = {
			isa = PBXGroup;
			children = (
				1A8C4A282968262A00063D38 /* APIRespositoryType.swift */,
				1A8C4A3329692A2200063D38 /* DataRepository.swift */,
				1AF202A5298A6B4F0014D8D0 /* CoreDataRepository.swift */,
			);
			path = Repository;
			sourceTree = "<group>";
		};
		1A89CA9B2968036F00F369C9 /* Extensions */ = {
			isa = PBXGroup;
			children = (
				1A7DF39D296EBA120013C264 /* Color */,
				1A37F72F296D6D8F0021C37A /* View */,
				1A3879DA296D1C4F0041B289 /* ReuseCell */,
			);
			path = Extensions;
			sourceTree = "<group>";
		};
		1A89CAA82968133000F369C9 /* ImageScreen */ = {
			isa = PBXGroup;
			children = (
				1A3879D5296C49200041B289 /* ImageViewController.xib */,
				1A89CAA92968133000F369C9 /* ImageViewController.swift */,
			);
			path = ImageScreen;
			sourceTree = "<group>";
		};
		1A89CAAF2968135300F369C9 /* LaunchScreen */ = {
			isa = PBXGroup;
			children = (
				1A89CAB02968137800F369C9 /* Launch Screen.storyboard */,
			);
			path = LaunchScreen;
			sourceTree = "<group>";
		};
		1A89CAB429681BFB00F369C9 /* MainTabBar */ = {
			isa = PBXGroup;
			children = (
				1A8C4A2629681F4C00063D38 /* Main.storyboard */,
				1A8C4A372969389F00063D38 /* TabBarViewController.swift */,
			);
			path = MainTabBar;
			sourceTree = "<group>";
		};
		1A8C4A2C2968279100063D38 /* Enums */ = {
			isa = PBXGroup;
			children = (
				1A8C4A2D296827AA00063D38 /* Error.swift */,
				1A8C4A2F296827F100063D38 /* MethodReqest.swift */,
				1A8C4A312968288800063D38 /* Constant.swift */,
				1A3879C1296BC4D80041B289 /* Others.swift */,
			);
			path = Enums;
			sourceTree = "<group>";
		};
		1A8C4A3929693AA800063D38 /* VideoScreen */ = {
			isa = PBXGroup;
			children = (
				1A8C4A3A29693AD100063D38 /* VideoScreenViewController.swift */,
				1AA8938A2971ADAA00B7C668 /* VideoScreenViewController.xib */,
			);
			path = VideoScreen;
			sourceTree = "<group>";
		};
		1A8C4A402969482000063D38 /* AuthorScreen */ = {
			isa = PBXGroup;
			children = (
				1A8C4A412969484600063D38 /* AuthorViewController.swift */,
				1A8C4A422969484600063D38 /* AuthorViewController.xib */,
			);
			path = AuthorScreen;
			sourceTree = "<group>";
		};
		1A8C4A45296948A600063D38 /* SearchScreen */ = {
			isa = PBXGroup;
			children = (
				1A8C4A462969494D00063D38 /* SearchViewController.swift */,
				1A8C4A472969494D00063D38 /* SearchViewController.xib */,
			);
			path = SearchScreen;
			sourceTree = "<group>";
		};
		1A8C4A4A29694A1800063D38 /* PersonalScreen */ = {
			isa = PBXGroup;
			children = (
				1A8C4A4B29694A3800063D38 /* PersonalViewController.swift */,
				1A8C4A4C29694A3800063D38 /* PersonalViewController.xib */,
			);
			path = PersonalScreen;
			sourceTree = "<group>";
		};
		1AA89371296FDE2700B7C668 /* LoadingReuseView */ = {
			isa = PBXGroup;
			children = (
				1AA8937A296FE46800B7C668 /* LoadCollectionReusableView.swift */,
				1AA8937B296FE46800B7C668 /* LoadCollectionReusableView.xib */,
			);
			path = LoadingReuseView;
			sourceTree = "<group>";
		};
		1AA893802970F0B700B7C668 /* LoadingView */ = {
			isa = PBXGroup;
			children = (
				1AA893812970F0F400B7C668 /* WaitingLoadingViewController.swift */,
				1AA893822970F0F400B7C668 /* WaitingLoadingViewController.xib */,
			);
			path = LoadingView;
			sourceTree = "<group>";
		};
		1AA8938529718DC100B7C668 /* VideoCell */ = {
			isa = PBXGroup;
			children = (
				1AA8938629718DEE00B7C668 /* VideoCollectionViewCell.swift */,
				1AA8938729718DEE00B7C668 /* VideoCollectionViewCell.xib */,
			);
			path = VideoCell;
			sourceTree = "<group>";
		};
		1AAA122F2989675900792976 /* Local */ = {
			isa = PBXGroup;
			children = (
				1AAA1230298967D900792976 /* LocalData.swift */,
			);
			path = Local;
			sourceTree = "<group>";
		};
/* End PBXGroup section */

/* Begin PBXNativeTarget section */
		1A89CA4A2967BF5200F369C9 /* WallPaper_Project1 */ = {
			isa = PBXNativeTarget;
			buildConfigurationList = 1A89CA622967BF5300F369C9 /* Build configuration list for PBXNativeTarget "WallPaper_Project1" */;
			buildPhases = (
				1A89CA472967BF5200F369C9 /* Sources */,
				1A89CA482967BF5200F369C9 /* Frameworks */,
				1A89CA492967BF5200F369C9 /* Resources */,
			);
			buildRules = (
			);
			dependencies = (
			);
			name = WallPaper_Project1;
			productName = WallPaper_Project1;
			productReference = 1A89CA4B2967BF5200F369C9 /* WallPaper_Project1.app */;
			productType = "com.apple.product-type.application";
		};
/* End PBXNativeTarget section */

/* Begin PBXProject section */
		1A89CA432967BF5100F369C9 /* Project object */ = {
			isa = PBXProject;
			attributes = {
				BuildIndependentTargetsInParallel = 1;
				LastSwiftUpdateCheck = 1410;
				LastUpgradeCheck = 1410;
				TargetAttributes = {
					1A89CA4A2967BF5200F369C9 = {
						CreatedOnToolsVersion = 14.1;
					};
				};
			};
			buildConfigurationList = 1A89CA462967BF5100F369C9 /* Build configuration list for PBXProject "WallPaper_Project1" */;
			compatibilityVersion = "Xcode 14.0";
			developmentRegion = en;
			hasScannedForEncodings = 0;
			knownRegions = (
				en,
				Base,
			);
			mainGroup = 1A89CA422967BF5100F369C9;
			productRefGroup = 1A89CA4C2967BF5200F369C9 /* Products */;
			projectDirPath = "";
			projectRoot = "";
			targets = (
				1A89CA4A2967BF5200F369C9 /* WallPaper_Project1 */,
			);
		};
/* End PBXProject section */

/* Begin PBXResourcesBuildPhase section */
		1A89CA492967BF5200F369C9 /* Resources */ = {
			isa = PBXResourcesBuildPhase;
			buildActionMask = 2147483647;
			files = (
				1A34D80D298A2BCA00252CFB /* Data.plist in Resources */,
				1A3879D6296C49200041B289 /* ImageViewController.xib in Resources */,
				1AA8938B2971ADAA00B7C668 /* VideoScreenViewController.xib in Resources */,
				1A89CAB12968137800F369C9 /* Launch Screen.storyboard in Resources */,
				1A89CA5B2967BF5300F369C9 /* Assets.xcassets in Resources */,
				1A7DF37F296E712F0013C264 /* DetailViewController.xib in Resources */,
				1A3879D3296C486D0041B289 /* ImageCollectionViewCell.xib in Resources */,
				1AA8937D296FE46800B7C668 /* LoadCollectionReusableView.xib in Resources */,
				1A8C4A2729681F4C00063D38 /* Main.storyboard in Resources */,
				1A8C4A442969484600063D38 /* AuthorViewController.xib in Resources */,
				1AA8938929718DEE00B7C668 /* VideoCollectionViewCell.xib in Resources */,
				1A3879CF296C485C0041B289 /* CategoryCollectionViewCell.xib in Resources */,
				1A8C4A4E29694A3800063D38 /* PersonalViewController.xib in Resources */,
				1A8C4A492969494D00063D38 /* SearchViewController.xib in Resources */,
				1AA893842970F0F400B7C668 /* WaitingLoadingViewController.xib in Resources */,
				1A7DF3A4296F00B80013C264 /* PopUpViewController.xib in Resources */,
			);
			runOnlyForDeploymentPostprocessing = 0;
		};
/* End PBXResourcesBuildPhase section */

/* Begin PBXSourcesBuildPhase section */
		1A89CA472967BF5200F369C9 /* Sources */ = {
			isa = PBXSourcesBuildPhase;
			buildActionMask = 2147483647;
			files = (
				1A7DF39C296EB9E40013C264 /* ImageView.swift in Sources */,
				1A89CA4F2967BF5200F369C9 /* AppDelegate.swift in Sources */,
				1A34D80B298A17ED00252CFB /* CoreDataModel.swift in Sources */,
				1A89CA852967F1D900F369C9 /* VideoModel.swift in Sources */,
				1A7DF37D296E71230013C264 /* DetailViewController.swift in Sources */,
				1A89CA832967F1CA00F369C9 /* ImageModel.swift in Sources */,
				1A89CAAB2968133000F369C9 /* ImageViewController.swift in Sources */,
				1AA893832970F0F400B7C668 /* WaitingLoadingViewController.swift in Sources */,
				1A3879C2296BC4D80041B289 /* Others.swift in Sources */,
				1A7DF3A3296F00B80013C264 /* PopUpViewController.swift in Sources */,
				1A7DF398296E80C90013C264 /* ReuseCellProtocol.swift in Sources */,
				1A7DF39A296E81470013C264 /* ReuseCellType.swift in Sources */,
				1A37F731296D6DA60021C37A /* ViewExtension.swift in Sources */,
				1A8C4A382969389F00063D38 /* TabBarViewController.swift in Sources */,
				1A3879D4296C486D0041B289 /* ImageCollectionViewCell.swift in Sources */,
				1A8C4A2B2968272A00063D38 /* APICaller.swift in Sources */,
				1A8C4A4D29694A3800063D38 /* PersonalViewController.swift in Sources */,
				1A8C4A30296827F100063D38 /* MethodReqest.swift in Sources */,
				1A8C4A292968262A00063D38 /* APIRespositoryType.swift in Sources */,
				1AF202A6298A6B4F0014D8D0 /* CoreDataRepository.swift in Sources */,
				1AA8938829718DEE00B7C668 /* VideoCollectionViewCell.swift in Sources */,
				1A3879CE296C485C0041B289 /* CategoryCollectionViewCell.swift in Sources */,
				1A7DF39F296EBA350013C264 /* HexColor.swift in Sources */,
				1A89CA592967BF5200F369C9 /* WallPaper_Project1.xcdatamodeld in Sources */,
				1A8C4A432969484600063D38 /* AuthorViewController.swift in Sources */,
				1A8C4A3429692A2200063D38 /* DataRepository.swift in Sources */,
				1AAA1231298967D900792976 /* LocalData.swift in Sources */,
				1AA8937C296FE46800B7C668 /* LoadCollectionReusableView.swift in Sources */,
				1A8C4A482969494D00063D38 /* SearchViewController.swift in Sources */,
				1A8C4A2E296827AA00063D38 /* Error.swift in Sources */,
				1A8C4A322968288800063D38 /* Constant.swift in Sources */,
				1AA892F4296F9D9E00B7C668 /* GetDataFromPlist.swift in Sources */,
				1A8C4A3C29693AD100063D38 /* VideoScreenViewController.swift in Sources */,
			);
			runOnlyForDeploymentPostprocessing = 0;
		};
/* End PBXSourcesBuildPhase section */

/* Begin XCBuildConfiguration section */
		1A89CA602967BF5300F369C9 /* Debug */ = {
			isa = XCBuildConfiguration;
			buildSettings = {
				ALWAYS_SEARCH_USER_PATHS = NO;
				CLANG_ANALYZER_NONNULL = YES;
				CLANG_ANALYZER_NUMBER_OBJECT_CONVERSION = YES_AGGRESSIVE;
				CLANG_CXX_LANGUAGE_STANDARD = "gnu++20";
				CLANG_ENABLE_MODULES = YES;
				CLANG_ENABLE_OBJC_ARC = YES;
				CLANG_ENABLE_OBJC_WEAK = YES;
				CLANG_WARN_BLOCK_CAPTURE_AUTORELEASING = YES;
				CLANG_WARN_BOOL_CONVERSION = YES;
				CLANG_WARN_COMMA = YES;
				CLANG_WARN_CONSTANT_CONVERSION = YES;
				CLANG_WARN_DEPRECATED_OBJC_IMPLEMENTATIONS = YES;
				CLANG_WARN_DIRECT_OBJC_ISA_USAGE = YES_ERROR;
				CLANG_WARN_DOCUMENTATION_COMMENTS = YES;
				CLANG_WARN_EMPTY_BODY = YES;
				CLANG_WARN_ENUM_CONVERSION = YES;
				CLANG_WARN_INFINITE_RECURSION = YES;
				CLANG_WARN_INT_CONVERSION = YES;
				CLANG_WARN_NON_LITERAL_NULL_CONVERSION = YES;
				CLANG_WARN_OBJC_IMPLICIT_RETAIN_SELF = YES;
				CLANG_WARN_OBJC_LITERAL_CONVERSION = YES;
				CLANG_WARN_OBJC_ROOT_CLASS = YES_ERROR;
				CLANG_WARN_QUOTED_INCLUDE_IN_FRAMEWORK_HEADER = YES;
				CLANG_WARN_RANGE_LOOP_ANALYSIS = YES;
				CLANG_WARN_STRICT_PROTOTYPES = YES;
				CLANG_WARN_SUSPICIOUS_MOVE = YES;
				CLANG_WARN_UNGUARDED_AVAILABILITY = YES_AGGRESSIVE;
				CLANG_WARN_UNREACHABLE_CODE = YES;
				CLANG_WARN__DUPLICATE_METHOD_MATCH = YES;
				COPY_PHASE_STRIP = NO;
				DEBUG_INFORMATION_FORMAT = dwarf;
				ENABLE_STRICT_OBJC_MSGSEND = YES;
				ENABLE_TESTABILITY = YES;
				GCC_C_LANGUAGE_STANDARD = gnu11;
				GCC_DYNAMIC_NO_PIC = NO;
				GCC_NO_COMMON_BLOCKS = YES;
				GCC_OPTIMIZATION_LEVEL = 0;
				GCC_PREPROCESSOR_DEFINITIONS = (
					"DEBUG=1",
					"$(inherited)",
				);
				GCC_WARN_64_TO_32_BIT_CONVERSION = YES;
				GCC_WARN_ABOUT_RETURN_TYPE = YES_ERROR;
				GCC_WARN_UNDECLARED_SELECTOR = YES;
				GCC_WARN_UNINITIALIZED_AUTOS = YES_AGGRESSIVE;
				GCC_WARN_UNUSED_FUNCTION = YES;
				GCC_WARN_UNUSED_VARIABLE = YES;
				IPHONEOS_DEPLOYMENT_TARGET = 15.2;
				MTL_ENABLE_DEBUG_INFO = INCLUDE_SOURCE;
				MTL_FAST_MATH = YES;
				ONLY_ACTIVE_ARCH = YES;
				SDKROOT = iphoneos;
				SWIFT_ACTIVE_COMPILATION_CONDITIONS = DEBUG;
				SWIFT_OPTIMIZATION_LEVEL = "-Onone";
			};
			name = Debug;
		};
		1A89CA612967BF5300F369C9 /* Release */ = {
			isa = XCBuildConfiguration;
			buildSettings = {
				ALWAYS_SEARCH_USER_PATHS = NO;
				CLANG_ANALYZER_NONNULL = YES;
				CLANG_ANALYZER_NUMBER_OBJECT_CONVERSION = YES_AGGRESSIVE;
				CLANG_CXX_LANGUAGE_STANDARD = "gnu++20";
				CLANG_ENABLE_MODULES = YES;
				CLANG_ENABLE_OBJC_ARC = YES;
				CLANG_ENABLE_OBJC_WEAK = YES;
				CLANG_WARN_BLOCK_CAPTURE_AUTORELEASING = YES;
				CLANG_WARN_BOOL_CONVERSION = YES;
				CLANG_WARN_COMMA = YES;
				CLANG_WARN_CONSTANT_CONVERSION = YES;
				CLANG_WARN_DEPRECATED_OBJC_IMPLEMENTATIONS = YES;
				CLANG_WARN_DIRECT_OBJC_ISA_USAGE = YES_ERROR;
				CLANG_WARN_DOCUMENTATION_COMMENTS = YES;
				CLANG_WARN_EMPTY_BODY = YES;
				CLANG_WARN_ENUM_CONVERSION = YES;
				CLANG_WARN_INFINITE_RECURSION = YES;
				CLANG_WARN_INT_CONVERSION = YES;
				CLANG_WARN_NON_LITERAL_NULL_CONVERSION = YES;
				CLANG_WARN_OBJC_IMPLICIT_RETAIN_SELF = YES;
				CLANG_WARN_OBJC_LITERAL_CONVERSION = YES;
				CLANG_WARN_OBJC_ROOT_CLASS = YES_ERROR;
				CLANG_WARN_QUOTED_INCLUDE_IN_FRAMEWORK_HEADER = YES;
				CLANG_WARN_RANGE_LOOP_ANALYSIS = YES;
				CLANG_WARN_STRICT_PROTOTYPES = YES;
				CLANG_WARN_SUSPICIOUS_MOVE = YES;
				CLANG_WARN_UNGUARDED_AVAILABILITY = YES_AGGRESSIVE;
				CLANG_WARN_UNREACHABLE_CODE = YES;
				CLANG_WARN__DUPLICATE_METHOD_MATCH = YES;
				COPY_PHASE_STRIP = NO;
				DEBUG_INFORMATION_FORMAT = "dwarf-with-dsym";
				ENABLE_NS_ASSERTIONS = NO;
				ENABLE_STRICT_OBJC_MSGSEND = YES;
				GCC_C_LANGUAGE_STANDARD = gnu11;
				GCC_NO_COMMON_BLOCKS = YES;
				GCC_WARN_64_TO_32_BIT_CONVERSION = YES;
				GCC_WARN_ABOUT_RETURN_TYPE = YES_ERROR;
				GCC_WARN_UNDECLARED_SELECTOR = YES;
				GCC_WARN_UNINITIALIZED_AUTOS = YES_AGGRESSIVE;
				GCC_WARN_UNUSED_FUNCTION = YES;
				GCC_WARN_UNUSED_VARIABLE = YES;
				IPHONEOS_DEPLOYMENT_TARGET = 15.2;
				MTL_ENABLE_DEBUG_INFO = NO;
				MTL_FAST_MATH = YES;
				SDKROOT = iphoneos;
				SWIFT_COMPILATION_MODE = wholemodule;
				SWIFT_OPTIMIZATION_LEVEL = "-O";
				VALIDATE_PRODUCT = YES;
			};
			name = Release;
		};
		1A89CA632967BF5300F369C9 /* Debug */ = {
			isa = XCBuildConfiguration;
			buildSettings = {
				ASSETCATALOG_COMPILER_APPICON_NAME = AppIcon;
				ASSETCATALOG_COMPILER_GLOBAL_ACCENT_COLOR_NAME = AccentColor;
				CODE_SIGN_STYLE = Automatic;
				CURRENT_PROJECT_VERSION = 1;
				DEVELOPMENT_TEAM = BZD66Y59V5;
				GENERATE_INFOPLIST_FILE = YES;
				INFOPLIST_FILE = WallPaper_Project1/Info.plist;
				INFOPLIST_KEY_NSPhotoLibraryAddUsageDescription = "";
				INFOPLIST_KEY_UIApplicationSupportsIndirectInputEvents = YES;
				INFOPLIST_KEY_UILaunchStoryboardName = "Launch Screen.storyboard";
				INFOPLIST_KEY_UIMainStoryboardFile = Main;
				INFOPLIST_KEY_UISupportedInterfaceOrientations_iPad = "UIInterfaceOrientationPortrait UIInterfaceOrientationPortraitUpsideDown UIInterfaceOrientationLandscapeLeft UIInterfaceOrientationLandscapeRight";
				INFOPLIST_KEY_UISupportedInterfaceOrientations_iPhone = "UIInterfaceOrientationPortrait UIInterfaceOrientationLandscapeLeft UIInterfaceOrientationLandscapeRight";
				IPHONEOS_DEPLOYMENT_TARGET = 15.0;
				LD_RUNPATH_SEARCH_PATHS = (
					"$(inherited)",
					"@executable_path/Frameworks",
				);
				MARKETING_VERSION = 1.0;
				PRODUCT_BUNDLE_IDENTIFIER = "DuyThai.WallPaper-Project1";
				PRODUCT_NAME = "$(TARGET_NAME)";
				SUPPORTED_PLATFORMS = "iphoneos iphonesimulator";
				SUPPORTS_MACCATALYST = NO;
				SUPPORTS_MAC_DESIGNED_FOR_IPHONE_IPAD = NO;
				SWIFT_EMIT_LOC_STRINGS = YES;
				SWIFT_VERSION = 5.0;
				TARGETED_DEVICE_FAMILY = 1;
			};
			name = Debug;
		};
		1A89CA642967BF5300F369C9 /* Release */ = {
			isa = XCBuildConfiguration;
			buildSettings = {
				ASSETCATALOG_COMPILER_APPICON_NAME = AppIcon;
				ASSETCATALOG_COMPILER_GLOBAL_ACCENT_COLOR_NAME = AccentColor;
				CODE_SIGN_STYLE = Automatic;
				CURRENT_PROJECT_VERSION = 1;
				DEVELOPMENT_TEAM = BZD66Y59V5;
				GENERATE_INFOPLIST_FILE = YES;
				INFOPLIST_FILE = WallPaper_Project1/Info.plist;
				INFOPLIST_KEY_NSPhotoLibraryAddUsageDescription = "";
				INFOPLIST_KEY_UIApplicationSupportsIndirectInputEvents = YES;
				INFOPLIST_KEY_UILaunchStoryboardName = "Launch Screen.storyboard";
				INFOPLIST_KEY_UIMainStoryboardFile = Main;
				INFOPLIST_KEY_UISupportedInterfaceOrientations_iPad = "UIInterfaceOrientationPortrait UIInterfaceOrientationPortraitUpsideDown UIInterfaceOrientationLandscapeLeft UIInterfaceOrientationLandscapeRight";
				INFOPLIST_KEY_UISupportedInterfaceOrientations_iPhone = "UIInterfaceOrientationPortrait UIInterfaceOrientationLandscapeLeft UIInterfaceOrientationLandscapeRight";
				IPHONEOS_DEPLOYMENT_TARGET = 15.0;
				LD_RUNPATH_SEARCH_PATHS = (
					"$(inherited)",
					"@executable_path/Frameworks",
				);
				MARKETING_VERSION = 1.0;
				PRODUCT_BUNDLE_IDENTIFIER = "DuyThai.WallPaper-Project1";
				PRODUCT_NAME = "$(TARGET_NAME)";
				SUPPORTED_PLATFORMS = "iphoneos iphonesimulator";
				SUPPORTS_MACCATALYST = NO;
				SUPPORTS_MAC_DESIGNED_FOR_IPHONE_IPAD = NO;
				SWIFT_EMIT_LOC_STRINGS = YES;
				SWIFT_VERSION = 5.0;
				TARGETED_DEVICE_FAMILY = 1;
			};
			name = Release;
		};
/* End XCBuildConfiguration section */

/* Begin XCConfigurationList section */
		1A89CA462967BF5100F369C9 /* Build configuration list for PBXProject "WallPaper_Project1" */ = {
			isa = XCConfigurationList;
			buildConfigurations = (
				1A89CA602967BF5300F369C9 /* Debug */,
				1A89CA612967BF5300F369C9 /* Release */,
			);
			defaultConfigurationIsVisible = 0;
			defaultConfigurationName = Release;
		};
		1A89CA622967BF5300F369C9 /* Build configuration list for PBXNativeTarget "WallPaper_Project1" */ = {
			isa = XCConfigurationList;
			buildConfigurations = (
				1A89CA632967BF5300F369C9 /* Debug */,
				1A89CA642967BF5300F369C9 /* Release */,
			);
			defaultConfigurationIsVisible = 0;
			defaultConfigurationName = Release;
		};
/* End XCConfigurationList section */

/* Begin XCVersionGroup section */
		1A89CA572967BF5200F369C9 /* WallPaper_Project1.xcdatamodeld */ = {
			isa = XCVersionGroup;
			children = (
				1A89CA582967BF5200F369C9 /* WallPaper_Project1.xcdatamodel */,
			);
			currentVersion = 1A89CA582967BF5200F369C9 /* WallPaper_Project1.xcdatamodel */;
			path = WallPaper_Project1.xcdatamodeld;
			sourceTree = "<group>";
			versionGroupType = wrapper.xcdatamodel;
		};
/* End XCVersionGroup section */
	};
	rootObject = 1A89CA432967BF5100F369C9 /* Project object */;
}
